
Microsoft Visual Studio Solution File, Format Version 12.00
# Visual Studio 15
VisualStudioVersion = 15.0.27130.2010
MinimumVisualStudioVersion = 10.0.40219.1
Project("{2150E333-8FDC-42A3-9474-1A3956D46DE8}") = "Libraries", "Libraries", "{7EF45266-5AE1-4375-AA79-ABF10AE6823E}"
EndProject
Project("{9A19103F-16F7-4668-BE54-9A1E7A4F7556}") = "FC.Core", "FC.Core\FC.Core.csproj", "{1ACF5CB7-3B01-4811-BD00-28275C9BE70B}"
EndProject
Project("{2150E333-8FDC-42A3-9474-1A3956D46DE8}") = "Presentation", "Presentation", "{BFF94ECC-9F2E-47BC-9E5D-84CB11CCC63D}"
EndProject
Project("{9A19103F-16F7-4668-BE54-9A1E7A4F7556}") = "FC.Api", "FC.Api\FC.Api.csproj", "{EBEB481A-123F-4F59-883F-1F7738078336}"
EndProject
Project("{9A19103F-16F7-4668-BE54-9A1E7A4F7556}") = "FC.Batch", "FC.Batch\FC.Batch.csproj", "{D8A88795-9FE3-4EA7-AC56-B4074F5F5B6A}"
EndProject
Global
	GlobalSection(SolutionConfigurationPlatforms) = preSolution
		Debug|Any CPU = Debug|Any CPU
		Release|Any CPU = Release|Any CPU
	EndGlobalSection
	GlobalSection(ProjectConfigurationPlatforms) = postSolution
		{1ACF5CB7-3B01-4811-BD00-28275C9BE70B}.Debug|Any CPU.ActiveCfg = Debug|Any CPU
		{1ACF5CB7-3B01-4811-BD00-28275C9BE70B}.Debug|Any CPU.Build.0 = Debug|Any CPU
		{1ACF5CB7-3B01-4811-BD00-28275C9BE70B}.Release|Any CPU.ActiveCfg = Release|Any CPU
		{1ACF5CB7-3B01-4811-BD00-28275C9BE70B}.Release|Any CPU.Build.0 = Release|Any CPU
		{EBEB481A-123F-4F59-883F-1F7738078336}.Debug|Any CPU.ActiveCfg = Debug|Any CPU
		{EBEB481A-123F-4F59-883F-1F7738078336}.Debug|Any CPU.Build.0 = Debug|Any CPU
		{EBEB481A-123F-4F59-883F-1F7738078336}.Release|Any CPU.ActiveCfg = Release|Any CPU
		{EBEB481A-123F-4F59-883F-1F7738078336}.Release|Any CPU.Build.0 = Release|Any CPU
		{D8A88795-9FE3-4EA7-AC56-B4074F5F5B6A}.Debug|Any CPU.ActiveCfg = Debug|Any CPU
		{D8A88795-9FE3-4EA7-AC56-B4074F5F5B6A}.Debug|Any CPU.Build.0 = Debug|Any CPU
		{D8A88795-9FE3-4EA7-AC56-B4074F5F5B6A}.Release|Any CPU.ActiveCfg = Release|Any CPU
		{D8A88795-9FE3-4EA7-AC56-B4074F5F5B6A}.Release|Any CPU.Build.0 = Release|Any CPU
	EndGlobalSection
	GlobalSection(SolutionProperties) = preSolution
		HideSolutionNode = FALSE
	EndGlobalSection
	GlobalSection(NestedProjects) = preSolution
		{1ACF5CB7-3B01-4811-BD00-28275C9BE70B} = {7EF45266-5AE1-4375-AA79-ABF10AE6823E}
		{EBEB481A-123F-4F59-883F-1F7738078336} = {BFF94ECC-9F2E-47BC-9E5D-84CB11CCC63D}
		{D8A88795-9FE3-4EA7-AC56-B4074F5F5B6A} = {BFF94ECC-9F2E-47BC-9E5D-84CB11CCC63D}
	EndGlobalSection
	GlobalSection(ExtensibilityGlobals) = postSolution
		SolutionGuid = {1C40ED0E-B219-4D81-9369-0DAFE9A16CDA}
	EndGlobalSection
EndGlobal
